
Microsoft Visual Studio Solution File, Format Version 12.00
# Visual Studio Version 17
VisualStudioVersion = 17.5.002.0
MinimumVisualStudioVersion = 10.0.40219.1
Project("{9A19103F-16F7-4668-BE54-9A1E7A4F7556}") = "Soru2", "Soru2.csproj", "{CDF0A9C4-5DF4-49C9-A31B-08F82E2100FE}"
EndProject
Global
	GlobalSection(SolutionConfigurationPlatforms) = preSolution
		Debug|Any CPU = Debug|Any CPU
		Release|Any CPU = Release|Any CPU
	EndGlobalSection
	GlobalSection(ProjectConfigurationPlatforms) = postSolution
		{CDF0A9C4-5DF4-49C9-A31B-08F82E2100FE}.Debug|Any CPU.ActiveCfg = Debug|Any CPU
		{CDF0A9C4-5DF4-49C9-A31B-08F82E2100FE}.Debug|Any CPU.Build.0 = Debug|Any CPU
		{CDF0A9C4-5DF4-49C9-A31B-08F82E2100FE}.Release|Any CPU.ActiveCfg = Release|Any CPU
		{CDF0A9C4-5DF4-49C9-A31B-08F82E2100FE}.Release|Any CPU.Build.0 = Release|Any CPU
	EndGlobalSection
	GlobalSection(SolutionProperties) = preSolution
		HideSolutionNode = FALSE
	EndGlobalSection
	GlobalSection(ExtensibilityGlobals) = postSolution
		SolutionGuid = {E276E9BC-761C-43D7-A495-4868CF6D98AB}
	EndGlobalSection
EndGlobal
